
Microsoft Visual Studio Solution File, Format Version 12.00
# Visual Studio Version 16
VisualStudioVersion = 16.0.31424.327
MinimumVisualStudioVersion = 10.0.40219.1
Project("{9A19103F-16F7-4668-BE54-9A1E7A4F7556}") = "ElecManage", "ElecManage\ElecManage.csproj", "{46C9668F-4162-43E0-83B8-4744118B73CE}"
EndProject
Project("{9A19103F-16F7-4668-BE54-9A1E7A4F7556}") = "ElecWinService", "ElecWinService\ElecWinService.csproj", "{789BF500-9E21-46C5-B9C8-9293B680FDB8}"
EndProject
Global
	GlobalSection(SolutionConfigurationPlatforms) = preSolution
		Debug|Any CPU = Debug|Any CPU
		Release|Any CPU = Release|Any CPU
	EndGlobalSection
	GlobalSection(ProjectConfigurationPlatforms) = postSolution
		{46C9668F-4162-43E0-83B8-4744118B73CE}.Debug|Any CPU.ActiveCfg = Debug|Any CPU
		{46C9668F-4162-43E0-83B8-4744118B73CE}.Debug|Any CPU.Build.0 = Debug|Any CPU
		{46C9668F-4162-43E0-83B8-4744118B73CE}.Release|Any CPU.ActiveCfg = Release|Any CPU
		{46C9668F-4162-43E0-83B8-4744118B73CE}.Release|Any CPU.Build.0 = Release|Any CPU
		{789BF500-9E21-46C5-B9C8-9293B680FDB8}.Debug|Any CPU.ActiveCfg = Debug|Any CPU
		{789BF500-9E21-46C5-B9C8-9293B680FDB8}.Debug|Any CPU.Build.0 = Debug|Any CPU
		{789BF500-9E21-46C5-B9C8-9293B680FDB8}.Release|Any CPU.ActiveCfg = Release|Any CPU
		{789BF500-9E21-46C5-B9C8-9293B680FDB8}.Release|Any CPU.Build.0 = Release|Any CPU
	EndGlobalSection
	GlobalSection(SolutionProperties) = preSolution
		HideSolutionNode = FALSE
	EndGlobalSection
	GlobalSection(ExtensibilityGlobals) = postSolution
		SolutionGuid = {FB3D831A-BCE5-413D-A5BA-4D3597014D53}
	EndGlobalSection
EndGlobal
